
Microsoft Visual Studio Solution File, Format Version 12.00
# Visual Studio Version 17
VisualStudioVersion = 17.8.34316.72
MinimumVisualStudioVersion = 10.0.40219.1
Project("{9A19103F-16F7-4668-BE54-9A1E7A4F7556}") = "MovieRatingApp", "MovieRatingApp\MovieRatingApp.csproj", "{7E55949E-74BC-4474-863E-C62D550624B4}"
EndProject
Project("{FAE04EC0-301F-11D3-BF4B-00C04F79EFBC}") = "Maui.Controls.RatingView", "Maui.Controls.RatingView\Maui.Controls.RatingView.csproj", "{65693BAB-A015-488A-B2CB-82C54AA22344}"
EndProject
Global
	GlobalSection(SolutionConfigurationPlatforms) = preSolution
		Debug|Any CPU = Debug|Any CPU
		Release|Any CPU = Release|Any CPU
	EndGlobalSection
	GlobalSection(ProjectConfigurationPlatforms) = postSolution
		{7E55949E-74BC-4474-863E-C62D550624B4}.Debug|Any CPU.ActiveCfg = Debug|Any CPU
		{7E55949E-74BC-4474-863E-C62D550624B4}.Debug|Any CPU.Build.0 = Debug|Any CPU
		{7E55949E-74BC-4474-863E-C62D550624B4}.Debug|Any CPU.Deploy.0 = Debug|Any CPU
		{7E55949E-74BC-4474-863E-C62D550624B4}.Release|Any CPU.ActiveCfg = Release|Any CPU
		{7E55949E-74BC-4474-863E-C62D550624B4}.Release|Any CPU.Build.0 = Release|Any CPU
		{7E55949E-74BC-4474-863E-C62D550624B4}.Release|Any CPU.Deploy.0 = Release|Any CPU
		{65693BAB-A015-488A-B2CB-82C54AA22344}.Debug|Any CPU.ActiveCfg = Debug|Any CPU
		{65693BAB-A015-488A-B2CB-82C54AA22344}.Debug|Any CPU.Build.0 = Debug|Any CPU
		{65693BAB-A015-488A-B2CB-82C54AA22344}.Release|Any CPU.ActiveCfg = Release|Any CPU
		{65693BAB-A015-488A-B2CB-82C54AA22344}.Release|Any CPU.Build.0 = Release|Any CPU
	EndGlobalSection
	GlobalSection(SolutionProperties) = preSolution
		HideSolutionNode = FALSE
	EndGlobalSection
	GlobalSection(ExtensibilityGlobals) = postSolution
		SolutionGuid = {D5AB7046-27B8-4470-BC4C-D356632F847E}
	EndGlobalSection
EndGlobal
